
Microsoft Visual Studio Solution File, Format Version 12.00
# Visual Studio Version 17
VisualStudioVersion = 17.5.33414.496
MinimumVisualStudioVersion = 10.0.40219.1
Project("{FAE04EC0-301F-11D3-BF4B-00C04F79EFBC}") = "LatihanCSS", "LatihanCSS\LatihanCSS.csproj", "{E264E4FB-64BB-4AED-AC6F-DC9787518803}"
EndProject
Global
	GlobalSection(SolutionConfigurationPlatforms) = preSolution
		Debug|Any CPU = Debug|Any CPU
		Release|Any CPU = Release|Any CPU
	EndGlobalSection
	GlobalSection(ProjectConfigurationPlatforms) = postSolution
		{E264E4FB-64BB-4AED-AC6F-DC9787518803}.Debug|Any CPU.ActiveCfg = Debug|Any CPU
		{E264E4FB-64BB-4AED-AC6F-DC9787518803}.Debug|Any CPU.Build.0 = Debug|Any CPU
		{E264E4FB-64BB-4AED-AC6F-DC9787518803}.Release|Any CPU.ActiveCfg = Release|Any CPU
		{E264E4FB-64BB-4AED-AC6F-DC9787518803}.Release|Any CPU.Build.0 = Release|Any CPU
	EndGlobalSection
	GlobalSection(SolutionProperties) = preSolution
		HideSolutionNode = FALSE
	EndGlobalSection
	GlobalSection(ExtensibilityGlobals) = postSolution
		SolutionGuid = {A1DAE45A-4EF0-4DB3-B704-ABB8831E1374}
	EndGlobalSection
EndGlobal
